
Microsoft Visual Studio Solution File, Format Version 11.00
# Visual Studio 2010
Project("{FAE04EC0-301F-11D3-BF4B-00C04F79EFBC}") = "Assembly-CSharp", "Assembly-CSharp.csproj", "{13553050-125f-1c8c-6665-ec77a3bde53e}"
EndProject
Project("{FAE04EC0-301F-11D3-BF4B-00C04F79EFBC}") = "GoogleMobileAds.Editor", "GoogleMobileAds.Editor.csproj", "{b84442be-6839-91e2-50dd-1a0a5b79da87}"
EndProject
Global
	GlobalSection(SolutionConfigurationPlatforms) = preSolution
		Debug|Any CPU = Debug|Any CPU
	EndGlobalSection
	GlobalSection(ProjectConfigurationPlatforms) = postSolution
		{13553050-125f-1c8c-6665-ec77a3bde53e}.Debug|Any CPU.ActiveCfg = Debug|Any CPU
		{13553050-125f-1c8c-6665-ec77a3bde53e}.Debug|Any CPU.Build.0 = Debug|Any CPU
		{b84442be-6839-91e2-50dd-1a0a5b79da87}.Debug|Any CPU.ActiveCfg = Debug|Any CPU
		{b84442be-6839-91e2-50dd-1a0a5b79da87}.Debug|Any CPU.Build.0 = Debug|Any CPU
	EndGlobalSection
	GlobalSection(SolutionProperties) = preSolution
		HideSolutionNode = FALSE
	EndGlobalSection
EndGlobal
