
Microsoft Visual Studio Solution File, Format Version 11.00
# Visual Studio 2010
Project("{FAE04EC0-301F-11D3-BF4B-00C04F79EFBC}") = "Assembly-CSharp", "Assembly-CSharp.csproj", "{B0588F9A-B6F5-F4C8-3857-FC53B9F0BF3A}"
EndProject
Project("{FAE04EC0-301F-11D3-BF4B-00C04F79EFBC}") = "GoogleMobileAds.Editor", "GoogleMobileAds.Editor.csproj", "{DC0DA36A-B815-3416-821A-8A9151DB1308}"
EndProject
Global
	GlobalSection(SolutionConfigurationPlatforms) = preSolution
		Debug|Any CPU = Debug|Any CPU
		Release|Any CPU = Release|Any CPU
	EndGlobalSection
	GlobalSection(ProjectConfigurationPlatforms) = postSolution
		{B0588F9A-B6F5-F4C8-3857-FC53B9F0BF3A}.Debug|Any CPU.ActiveCfg = Debug|Any CPU
		{B0588F9A-B6F5-F4C8-3857-FC53B9F0BF3A}.Debug|Any CPU.Build.0 = Debug|Any CPU
		{B0588F9A-B6F5-F4C8-3857-FC53B9F0BF3A}.Release|Any CPU.ActiveCfg = Release|Any CPU
		{B0588F9A-B6F5-F4C8-3857-FC53B9F0BF3A}.Release|Any CPU.Build.0 = Release|Any CPU
		{DC0DA36A-B815-3416-821A-8A9151DB1308}.Debug|Any CPU.ActiveCfg = Debug|Any CPU
		{DC0DA36A-B815-3416-821A-8A9151DB1308}.Debug|Any CPU.Build.0 = Debug|Any CPU
		{DC0DA36A-B815-3416-821A-8A9151DB1308}.Release|Any CPU.ActiveCfg = Release|Any CPU
		{DC0DA36A-B815-3416-821A-8A9151DB1308}.Release|Any CPU.Build.0 = Release|Any CPU
	EndGlobalSection
	GlobalSection(SolutionProperties) = preSolution
		HideSolutionNode = FALSE
	EndGlobalSection
EndGlobal
